// !$*UTF8*$!
{
	archiveVersion = 1;
	classes = {
	};
	objectVersion = 50;
	objects = {

/* Begin PBXBuildFile section */
		A20D93F726F7888F00EFE4D7 /* AppDelegate.swift in Sources */ = {isa = PBXBuildFile; fileRef = A20D93F626F7888F00EFE4D7 /* AppDelegate.swift */; };
		A20D93F926F7888F00EFE4D7 /* SceneDelegate.swift in Sources */ = {isa = PBXBuildFile; fileRef = A20D93F826F7888F00EFE4D7 /* SceneDelegate.swift */; };
		A20D93FB26F7888F00EFE4D7 /* ViewController.swift in Sources */ = {isa = PBXBuildFile; fileRef = A20D93FA26F7888F00EFE4D7 /* ViewController.swift */; };
		A20D93FE26F7888F00EFE4D7 /* Main.storyboard in Resources */ = {isa = PBXBuildFile; fileRef = A20D93FC26F7888F00EFE4D7 /* Main.storyboard */; };
		A20D940026F7889100EFE4D7 /* Assets.xcassets in Resources */ = {isa = PBXBuildFile; fileRef = A20D93FF26F7889100EFE4D7 /* Assets.xcassets */; };
		A20D940326F7889100EFE4D7 /* LaunchScreen.storyboard in Resources */ = {isa = PBXBuildFile; fileRef = A20D940126F7889100EFE4D7 /* LaunchScreen.storyboard */; };
		A20D940E26F7889100EFE4D7 /* SimpleNewsTests.swift in Sources */ = {isa = PBXBuildFile; fileRef = A20D940D26F7889100EFE4D7 /* SimpleNewsTests.swift */; };
		A20D941926F7889100EFE4D7 /* SimpleNewsUITests.swift in Sources */ = {isa = PBXBuildFile; fileRef = A20D941826F7889100EFE4D7 /* SimpleNewsUITests.swift */; };
/* End PBXBuildFile section */

/* Begin PBXContainerItemProxy section */
		A20D940A26F7889100EFE4D7 /* PBXContainerItemProxy */ = {
			isa = PBXContainerItemProxy;
			containerPortal = A20D93EB26F7888F00EFE4D7 /* Project object */;
			proxyType = 1;
			remoteGlobalIDString = A20D93F226F7888F00EFE4D7;
			remoteInfo = SimpleNews;
		};
		A20D941526F7889100EFE4D7 /* PBXContainerItemProxy */ = {
			isa = PBXContainerItemProxy;
			containerPortal = A20D93EB26F7888F00EFE4D7 /* Project object */;
			proxyType = 1;
			remoteGlobalIDString = A20D93F226F7888F00EFE4D7;
			remoteInfo = SimpleNews;
		};
/* End PBXContainerItemProxy section */

/* Begin PBXFileReference section */
		A20D93F326F7888F00EFE4D7 /* SimpleNews.app */ = {isa = PBXFileReference; explicitFileType = wrapper.application; includeInIndex = 0; path = SimpleNews.app; sourceTree = BUILT_PRODUCTS_DIR; };
		A20D93F626F7888F00EFE4D7 /* AppDelegate.swift */ = {isa = PBXFileReference; lastKnownFileType = sourcecode.swift; path = AppDelegate.swift; sourceTree = "<group>"; };
		A20D93F826F7888F00EFE4D7 /* SceneDelegate.swift */ = {isa = PBXFileReference; lastKnownFileType = sourcecode.swift; path = SceneDelegate.swift; sourceTree = "<group>"; };
		A20D93FA26F7888F00EFE4D7 /* ViewController.swift */ = {isa = PBXFileReference; lastKnownFileType = sourcecode.swift; path = ViewController.swift; sourceTree = "<group>"; };
		A20D93FD26F7888F00EFE4D7 /* Base */ = {isa = PBXFileReference; lastKnownFileType = file.storyboard; name = Base; path = Base.lproj/Main.storyboard; sourceTree = "<group>"; };
		A20D93FF26F7889100EFE4D7 /* Assets.xcassets */ = {isa = PBXFileReference; lastKnownFileType = folder.assetcatalog; path = Assets.xcassets; sourceTree = "<group>"; };
		A20D940226F7889100EFE4D7 /* Base */ = {isa = PBXFileReference; lastKnownFileType = file.storyboard; name = Base; path = Base.lproj/LaunchScreen.storyboard; sourceTree = "<group>"; };
		A20D940426F7889100EFE4D7 /* Info.plist */ = {isa = PBXFileReference; lastKnownFileType = text.plist.xml; path = Info.plist; sourceTree = "<group>"; };
		A20D940926F7889100EFE4D7 /* SimpleNewsTests.xctest */ = {isa = PBXFileReference; explicitFileType = wrapper.cfbundle; includeInIndex = 0; path = SimpleNewsTests.xctest; sourceTree = BUILT_PRODUCTS_DIR; };
		A20D940D26F7889100EFE4D7 /* SimpleNewsTests.swift */ = {isa = PBXFileReference; lastKnownFileType = sourcecode.swift; path = SimpleNewsTests.swift; sourceTree = "<group>"; };
		A20D940F26F7889100EFE4D7 /* Info.plist */ = {isa = PBXFileReference; lastKnownFileType = text.plist.xml; path = Info.plist; sourceTree = "<group>"; };
		A20D941426F7889100EFE4D7 /* SimpleNewsUITests.xctest */ = {isa = PBXFileReference; explicitFileType = wrapper.cfbundle; includeInIndex = 0; path = SimpleNewsUITests.xctest; sourceTree = BUILT_PRODUCTS_DIR; };
		A20D941826F7889100EFE4D7 /* SimpleNewsUITests.swift */ = {isa = PBXFileReference; lastKnownFileType = sourcecode.swift; path = SimpleNewsUITests.swift; sourceTree = "<group>"; };
		A20D941A26F7889100EFE4D7 /* Info.plist */ = {isa = PBXFileReference; lastKnownFileType = text.plist.xml; path = Info.plist; sourceTree = "<group>"; };
/* End PBXFileReference section */

/* Begin PBXFrameworksBuildPhase section */
		A20D93F026F7888F00EFE4D7 /* Frameworks */ = {
			isa = PBXFrameworksBuildPhase;
			buildActionMask = 2147483647;
			files = (
			);
			runOnlyForDeploymentPostprocessing = 0;
		};
		A20D940626F7889100EFE4D7 /* Frameworks */ = {
			isa = PBXFrameworksBuildPhase;
			buildActionMask = 2147483647;
			files = (
			);
			runOnlyForDeploymentPostprocessing = 0;
		};
		A20D941126F7889100EFE4D7 /* Frameworks */ = {
			isa = PBXFrameworksBuildPhase;
			buildActionMask = 2147483647;
			files = (
			);
			runOnlyForDeploymentPostprocessing = 0;
		};
/* End PBXFrameworksBuildPhase section */

/* Begin PBXGroup section */
		A20D93EA26F7888F00EFE4D7 = {
			isa = PBXGroup;
			children = (
				A20D93F526F7888F00EFE4D7 /* SimpleNews */,
				A20D940C26F7889100EFE4D7 /* SimpleNewsTests */,
				A20D941726F7889100EFE4D7 /* SimpleNewsUITests */,
				A20D93F426F7888F00EFE4D7 /* Products */,
			);
			sourceTree = "<group>";
		};
		A20D93F426F7888F00EFE4D7 /* Products */ = {
			isa = PBXGroup;
			children = (
				A20D93F326F7888F00EFE4D7 /* SimpleNews.app */,
				A20D940926F7889100EFE4D7 /* SimpleNewsTests.xctest */,
				A20D941426F7889100EFE4D7 /* SimpleNewsUITests.xctest */,
			);
			name = Products;
			sourceTree = "<group>";
		};
		A20D93F526F7888F00EFE4D7 /* SimpleNews */ = {
			isa = PBXGroup;
			children = (
				A20D93F626F7888F00EFE4D7 /* AppDelegate.swift */,
				A20D93F826F7888F00EFE4D7 /* SceneDelegate.swift */,
				A20D93FA26F7888F00EFE4D7 /* ViewController.swift */,
				A20D93FC26F7888F00EFE4D7 /* Main.storyboard */,
				A20D93FF26F7889100EFE4D7 /* Assets.xcassets */,
				A20D940126F7889100EFE4D7 /* LaunchScreen.storyboard */,
				A20D940426F7889100EFE4D7 /* Info.plist */,
			);
			path = SimpleNews;
			sourceTree = "<group>";
		};
		A20D940C26F7889100EFE4D7 /* SimpleNewsTests */ = {
			isa = PBXGroup;
			children = (
				A20D940D26F7889100EFE4D7 /* SimpleNewsTests.swift */,
				A20D940F26F7889100EFE4D7 /* Info.plist */,
			);
			path = SimpleNewsTests;
			sourceTree = "<group>";
		};
		A20D941726F7889100EFE4D7 /* SimpleNewsUITests */ = {
			isa = PBXGroup;
			children = (
				A20D941826F7889100EFE4D7 /* SimpleNewsUITests.swift */,
				A20D941A26F7889100EFE4D7 /* Info.plist */,
			);
			path = SimpleNewsUITests;
			sourceTree = "<group>";
		};
/* End PBXGroup section */

/* Begin PBXNativeTarget section */
		A20D93F226F7888F00EFE4D7 /* SimpleNews */ = {
			isa = PBXNativeTarget;
			buildConfigurationList = A20D941D26F7889100EFE4D7 /* Build configuration list for PBXNativeTarget "SimpleNews" */;
			buildPhases = (
				A20D93EF26F7888F00EFE4D7 /* Sources */,
				A20D93F026F7888F00EFE4D7 /* Frameworks */,
				A20D93F126F7888F00EFE4D7 /* Resources */,
			);
			buildRules = (
			);
			dependencies = (
			);
			name = SimpleNews;
			productName = SimpleNews;
			productReference = A20D93F326F7888F00EFE4D7 /* SimpleNews.app */;
			productType = "com.apple.product-type.application";
		};
		A20D940826F7889100EFE4D7 /* SimpleNewsTests */ = {
			isa = PBXNativeTarget;
			buildConfigurationList = A20D942026F7889100EFE4D7 /* Build configuration list for PBXNativeTarget "SimpleNewsTests" */;
			buildPhases = (
				A20D940526F7889100EFE4D7 /* Sources */,
				A20D940626F7889100EFE4D7 /* Frameworks */,
				A20D940726F7889100EFE4D7 /* Resources */,
			);
			buildRules = (
			);
			dependencies = (
				A20D940B26F7889100EFE4D7 /* PBXTargetDependency */,
			);
			name = SimpleNewsTests;
			productName = SimpleNewsTests;
			productReference = A20D940926F7889100EFE4D7 /* SimpleNewsTests.xctest */;
			productType = "com.apple.product-type.bundle.unit-test";
		};
		A20D941326F7889100EFE4D7 /* SimpleNewsUITests */ = {
			isa = PBXNativeTarget;
			buildConfigurationList = A20D942326F7889100EFE4D7 /* Build configuration list for PBXNativeTarget "SimpleNewsUITests" */;
			buildPhases = (
				A20D941026F7889100EFE4D7 /* Sources */,
				A20D941126F7889100EFE4D7 /* Frameworks */,
				A20D941226F7889100EFE4D7 /* Resources */,
			);
			buildRules = (
			);
			dependencies = (
				A20D941626F7889100EFE4D7 /* PBXTargetDependency */,
			);
			name = SimpleNewsUITests;
			productName = SimpleNewsUITests;
			productReference = A20D941426F7889100EFE4D7 /* SimpleNewsUITests.xctest */;
			productType = "com.apple.product-type.bundle.ui-testing";
		};
/* End PBXNativeTarget section */

/* Begin PBXProject section */
		A20D93EB26F7888F00EFE4D7 /* Project object */ = {
			isa = PBXProject;
			attributes = {
				LastSwiftUpdateCheck = 1250;
				LastUpgradeCheck = 1250;
				TargetAttributes = {
					A20D93F226F7888F00EFE4D7 = {
						CreatedOnToolsVersion = 12.5.1;
					};
					A20D940826F7889100EFE4D7 = {
						CreatedOnToolsVersion = 12.5.1;
						TestTargetID = A20D93F226F7888F00EFE4D7;
					};
					A20D941326F7889100EFE4D7 = {
						CreatedOnToolsVersion = 12.5.1;
						TestTargetID = A20D93F226F7888F00EFE4D7;
					};
				};
			};
			buildConfigurationList = A20D93EE26F7888F00EFE4D7 /* Build configuration list for PBXProject "SimpleNews" */;
			compatibilityVersion = "Xcode 9.3";
			developmentRegion = en;
			hasScannedForEncodings = 0;
			knownRegions = (
				en,
				Base,
			);
			mainGroup = A20D93EA26F7888F00EFE4D7;
			productRefGroup = A20D93F426F7888F00EFE4D7 /* Products */;
			projectDirPath = "";
			projectRoot = "";
			targets = (
				A20D93F226F7888F00EFE4D7 /* SimpleNews */,
				A20D940826F7889100EFE4D7 /* SimpleNewsTests */,
				A20D941326F7889100EFE4D7 /* SimpleNewsUITests */,
			);
		};
/* End PBXProject section */

/* Begin PBXResourcesBuildPhase section */
		A20D93F126F7888F00EFE4D7 /* Resources */ = {
			isa = PBXResourcesBuildPhase;
			buildActionMask = 2147483647;
			files = (
				A20D940326F7889100EFE4D7 /* LaunchScreen.storyboard in Resources */,
				A20D940026F7889100EFE4D7 /* Assets.xcassets in Resources */,
				A20D93FE26F7888F00EFE4D7 /* Main.storyboard in Resources */,
			);
			runOnlyForDeploymentPostprocessing = 0;
		};
		A20D940726F7889100EFE4D7 /* Resources */ = {
			isa = PBXResourcesBuildPhase;
			buildActionMask = 2147483647;
			files = (
			);
			runOnlyForDeploymentPostprocessing = 0;
		};
		A20D941226F7889100EFE4D7 /* Resources */ = {
			isa = PBXResourcesBuildPhase;
			buildActionMask = 2147483647;
			files = (
			);
			runOnlyForDeploymentPostprocessing = 0;
		};
/* End PBXResourcesBuildPhase section */

/* Begin PBXSourcesBuildPhase section */
		A20D93EF26F7888F00EFE4D7 /* Sources */ = {
			isa = PBXSourcesBuildPhase;
			buildActionMask = 2147483647;
			files = (
				A20D93FB26F7888F00EFE4D7 /* ViewController.swift in Sources */,
				A20D93F726F7888F00EFE4D7 /* AppDelegate.swift in Sources */,
				A20D93F926F7888F00EFE4D7 /* SceneDelegate.swift in Sources */,
			);
			runOnlyForDeploymentPostprocessing = 0;
		};
		A20D940526F7889100EFE4D7 /* Sources */ = {
			isa = PBXSourcesBuildPhase;
			buildActionMask = 2147483647;
			files = (
				A20D940E26F7889100EFE4D7 /* SimpleNewsTests.swift in Sources */,
			);
			runOnlyForDeploymentPostprocessing = 0;
		};
		A20D941026F7889100EFE4D7 /* Sources */ = {
			isa = PBXSourcesBuildPhase;
			buildActionMask = 2147483647;
			files = (
				A20D941926F7889100EFE4D7 /* SimpleNewsUITests.swift in Sources */,
			);
			runOnlyForDeploymentPostprocessing = 0;
		};
/* End PBXSourcesBuildPhase section */

/* Begin PBXTargetDependency section */
		A20D940B26F7889100EFE4D7 /* PBXTargetDependency */ = {
			isa = PBXTargetDependency;
			target = A20D93F226F7888F00EFE4D7 /* SimpleNews */;
			targetProxy = A20D940A26F7889100EFE4D7 /* PBXContainerItemProxy */;
		};
		A20D941626F7889100EFE4D7 /* PBXTargetDependency */ = {
			isa = PBXTargetDependency;
			target = A20D93F226F7888F00EFE4D7 /* SimpleNews */;
			targetProxy = A20D941526F7889100EFE4D7 /* PBXContainerItemProxy */;
		};
/* End PBXTargetDependency section */

/* Begin PBXVariantGroup section */
		A20D93FC26F7888F00EFE4D7 /* Main.storyboard */ = {
			isa = PBXVariantGroup;
			children = (
				A20D93FD26F7888F00EFE4D7 /* Base */,
			);
			name = Main.storyboard;
			sourceTree = "<group>";
		};
		A20D940126F7889100EFE4D7 /* LaunchScreen.storyboard */ = {
			isa = PBXVariantGroup;
			children = (
				A20D940226F7889100EFE4D7 /* Base */,
			);
			name = LaunchScreen.storyboard;
			sourceTree = "<group>";
		};
/* End PBXVariantGroup section */

/* Begin XCBuildConfiguration section */
		A20D941B26F7889100EFE4D7 /* Debug */ = {
			isa = XCBuildConfiguration;
			buildSettings = {
				ALWAYS_SEARCH_USER_PATHS = NO;
				CLANG_ANALYZER_NONNULL = YES;
				CLANG_ANALYZER_NUMBER_OBJECT_CONVERSION = YES_AGGRESSIVE;
				CLANG_CXX_LANGUAGE_STANDARD = "gnu++14";
				CLANG_CXX_LIBRARY = "libc++";
				CLANG_ENABLE_MODULES = YES;
				CLANG_ENABLE_OBJC_ARC = YES;
				CLANG_ENABLE_OBJC_WEAK = YES;
				CLANG_WARN_BLOCK_CAPTURE_AUTORELEASING = YES;
				CLANG_WARN_BOOL_CONVERSION = YES;
				CLANG_WARN_COMMA = YES;
				CLANG_WARN_CONSTANT_CONVERSION = YES;
				CLANG_WARN_DEPRECATED_OBJC_IMPLEMENTATIONS = YES;
				CLANG_WARN_DIRECT_OBJC_ISA_USAGE = YES_ERROR;
				CLANG_WARN_DOCUMENTATION_COMMENTS = YES;
				CLANG_WARN_EMPTY_BODY = YES;
				CLANG_WARN_ENUM_CONVERSION = YES;
				CLANG_WARN_INFINITE_RECURSION = YES;
				CLANG_WARN_INT_CONVERSION = YES;
				CLANG_WARN_NON_LITERAL_NULL_CONVERSION = YES;
				CLANG_WARN_OBJC_IMPLICIT_RETAIN_SELF = YES;
				CLANG_WARN_OBJC_LITERAL_CONVERSION = YES;
				CLANG_WARN_OBJC_ROOT_CLASS = YES_ERROR;
				CLANG_WARN_QUOTED_INCLUDE_IN_FRAMEWORK_HEADER = YES;
				CLANG_WARN_RANGE_LOOP_ANALYSIS = YES;
				CLANG_WARN_STRICT_PROTOTYPES = YES;
				CLANG_WARN_SUSPICIOUS_MOVE = YES;
				CLANG_WARN_UNGUARDED_AVAILABILITY = YES_AGGRESSIVE;
				CLANG_WARN_UNREACHABLE_CODE = YES;
				CLANG_WARN__DUPLICATE_METHOD_MATCH = YES;
				COPY_PHASE_STRIP = NO;
				DEBUG_INFORMATION_FORMAT = dwarf;
				ENABLE_STRICT_OBJC_MSGSEND = YES;
				ENABLE_TESTABILITY = YES;
				GCC_C_LANGUAGE_STANDARD = gnu11;
				GCC_DYNAMIC_NO_PIC = NO;
				GCC_NO_COMMON_BLOCKS = YES;
				GCC_OPTIMIZATION_LEVEL = 0;
				GCC_PREPROCESSOR_DEFINITIONS = (
					"DEBUG=1",
					"$(inherited)",
				);
				GCC_WARN_64_TO_32_BIT_CONVERSION = YES;
				GCC_WARN_ABOUT_RETURN_TYPE = YES_ERROR;
				GCC_WARN_UNDECLARED_SELECTOR = YES;
				GCC_WARN_UNINITIALIZED_AUTOS = YES_AGGRESSIVE;
				GCC_WARN_UNUSED_FUNCTION = YES;
				GCC_WARN_UNUSED_VARIABLE = YES;
				IPHONEOS_DEPLOYMENT_TARGET = 14.5;
				MTL_ENABLE_DEBUG_INFO = INCLUDE_SOURCE;
				MTL_FAST_MATH = YES;
				ONLY_ACTIVE_ARCH = YES;
				SDKROOT = iphoneos;
				SWIFT_ACTIVE_COMPILATION_CONDITIONS = DEBUG;
				SWIFT_OPTIMIZATION_LEVEL = "-Onone";
			};
			name = Debug;
		};
		A20D941C26F7889100EFE4D7 /* Release */ = {
			isa = XCBuildConfiguration;
			buildSettings = {
				ALWAYS_SEARCH_USER_PATHS = NO;
				CLANG_ANALYZER_NONNULL = YES;
				CLANG_ANALYZER_NUMBER_OBJECT_CONVERSION = YES_AGGRESSIVE;
				CLANG_CXX_LANGUAGE_STANDARD = "gnu++14";
				CLANG_CXX_LIBRARY = "libc++";
				CLANG_ENABLE_MODULES = YES;
				CLANG_ENABLE_OBJC_ARC = YES;
				CLANG_ENABLE_OBJC_WEAK = YES;
				CLANG_WARN_BLOCK_CAPTURE_AUTORELEASING = YES;
				CLANG_WARN_BOOL_CONVERSION = YES;
				CLANG_WARN_COMMA = YES;
				CLANG_WARN_CONSTANT_CONVERSION = YES;
				CLANG_WARN_DEPRECATED_OBJC_IMPLEMENTATIONS = YES;
				CLANG_WARN_DIRECT_OBJC_ISA_USAGE = YES_ERROR;
				CLANG_WARN_DOCUMENTATION_COMMENTS = YES;
				CLANG_WARN_EMPTY_BODY = YES;
				CLANG_WARN_ENUM_CONVERSION = YES;
				CLANG_WARN_INFINITE_RECURSION = YES;
				CLANG_WARN_INT_CONVERSION = YES;
				CLANG_WARN_NON_LITERAL_NULL_CONVERSION = YES;
				CLANG_WARN_OBJC_IMPLICIT_RETAIN_SELF = YES;
				CLANG_WARN_OBJC_LITERAL_CONVERSION = YES;
				CLANG_WARN_OBJC_ROOT_CLASS = YES_ERROR;
				CLANG_WARN_QUOTED_INCLUDE_IN_FRAMEWORK_HEADER = YES;
				CLANG_WARN_RANGE_LOOP_ANALYSIS = YES;
				CLANG_WARN_STRICT_PROTOTYPES = YES;
				CLANG_WARN_SUSPICIOUS_MOVE = YES;
				CLANG_WARN_UNGUARDED_AVAILABILITY = YES_AGGRESSIVE;
				CLANG_WARN_UNREACHABLE_CODE = YES;
				CLANG_WARN__DUPLICATE_METHOD_MATCH = YES;
				COPY_PHASE_STRIP = NO;
				DEBUG_INFORMATION_FORMAT = "dwarf-with-dsym";
				ENABLE_NS_ASSERTIONS = NO;
				ENABLE_STRICT_OBJC_MSGSEND = YES;
				GCC_C_LANGUAGE_STANDARD = gnu11;
				GCC_NO_COMMON_BLOCKS = YES;
				GCC_WARN_64_TO_32_BIT_CONVERSION = YES;
				GCC_WARN_ABOUT_RETURN_TYPE = YES_ERROR;
				GCC_WARN_UNDECLARED_SELECTOR = YES;
				GCC_WARN_UNINITIALIZED_AUTOS = YES_AGGRESSIVE;
				GCC_WARN_UNUSED_FUNCTION = YES;
				GCC_WARN_UNUSED_VARIABLE = YES;
				IPHONEOS_DEPLOYMENT_TARGET = 14.5;
				MTL_ENABLE_DEBUG_INFO = NO;
				MTL_FAST_MATH = YES;
				SDKROOT = iphoneos;
				SWIFT_COMPILATION_MODE = wholemodule;
				SWIFT_OPTIMIZATION_LEVEL = "-O";
				VALIDATE_PRODUCT = YES;
			};
			name = Release;
		};
		A20D941E26F7889100EFE4D7 /* Debug */ = {
			isa = XCBuildConfiguration;
			buildSettings = {
				ASSETCATALOG_COMPILER_APPICON_NAME = AppIcon;
				ASSETCATALOG_COMPILER_GLOBAL_ACCENT_COLOR_NAME = AccentColor;
				CODE_SIGN_STYLE = Automatic;
				DEVELOPMENT_TEAM = V5F69NZBZU;
				INFOPLIST_FILE = SimpleNews/Info.plist;
				LD_RUNPATH_SEARCH_PATHS = (
					"$(inherited)",
					"@executable_path/Frameworks",
				);
				PRODUCT_BUNDLE_IDENTIFIER = AlexHu.SimpleNews;
				PRODUCT_NAME = "$(TARGET_NAME)";
				SWIFT_VERSION = 5.0;
				TARGETED_DEVICE_FAMILY = "1,2";
			};
			name = Debug;
		};
		A20D941F26F7889100EFE4D7 /* Release */ = {
			isa = XCBuildConfiguration;
			buildSettings = {
				ASSETCATALOG_COMPILER_APPICON_NAME = AppIcon;
				ASSETCATALOG_COMPILER_GLOBAL_ACCENT_COLOR_NAME = AccentColor;
				CODE_SIGN_STYLE = Automatic;
				DEVELOPMENT_TEAM = V5F69NZBZU;
				INFOPLIST_FILE = SimpleNews/Info.plist;
				LD_RUNPATH_SEARCH_PATHS = (
					"$(inherited)",
					"@executable_path/Frameworks",
				);
				PRODUCT_BUNDLE_IDENTIFIER = AlexHu.SimpleNews;
				PRODUCT_NAME = "$(TARGET_NAME)";
				SWIFT_VERSION = 5.0;
				TARGETED_DEVICE_FAMILY = "1,2";
			};
			name = Release;
		};
		A20D942126F7889100EFE4D7 /* Debug */ = {
			isa = XCBuildConfiguration;
			buildSettings = {
				ALWAYS_EMBED_SWIFT_STANDARD_LIBRARIES = YES;
				BUNDLE_LOADER = "$(TEST_HOST)";
				CODE_SIGN_STYLE = Automatic;
				DEVELOPMENT_TEAM = V5F69NZBZU;
				INFOPLIST_FILE = SimpleNewsTests/Info.plist;
				IPHONEOS_DEPLOYMENT_TARGET = 14.5;
				LD_RUNPATH_SEARCH_PATHS = (
					"$(inherited)",
					"@executable_path/Frameworks",
					"@loader_path/Frameworks",
				);
				PRODUCT_BUNDLE_IDENTIFIER = AlexHu.SimpleNewsTests;
				PRODUCT_NAME = "$(TARGET_NAME)";
				SWIFT_VERSION = 5.0;
				TARGETED_DEVICE_FAMILY = "1,2";
				TEST_HOST = "$(BUILT_PRODUCTS_DIR)/SimpleNews.app/SimpleNews";
			};
			name = Debug;
		};
		A20D942226F7889100EFE4D7 /* Release */ = {
			isa = XCBuildConfiguration;
			buildSettings = {
				ALWAYS_EMBED_SWIFT_STANDARD_LIBRARIES = YES;
				BUNDLE_LOADER = "$(TEST_HOST)";
				CODE_SIGN_STYLE = Automatic;
				DEVELOPMENT_TEAM = V5F69NZBZU;
				INFOPLIST_FILE = SimpleNewsTests/Info.plist;
				IPHONEOS_DEPLOYMENT_TARGET = 14.5;
				LD_RUNPATH_SEARCH_PATHS = (
					"$(inherited)",
					"@executable_path/Frameworks",
					"@loader_path/Frameworks",
				);
				PRODUCT_BUNDLE_IDENTIFIER = AlexHu.SimpleNewsTests;
				PRODUCT_NAME = "$(TARGET_NAME)";
				SWIFT_VERSION = 5.0;
				TARGETED_DEVICE_FAMILY = "1,2";
				TEST_HOST = "$(BUILT_PRODUCTS_DIR)/SimpleNews.app/SimpleNews";
			};
			name = Release;
		};
		A20D942426F7889100EFE4D7 /* Debug */ = {
			isa = XCBuildConfiguration;
			buildSettings = {
				ALWAYS_EMBED_SWIFT_STANDARD_LIBRARIES = YES;
				CODE_SIGN_STYLE = Automatic;
				DEVELOPMENT_TEAM = V5F69NZBZU;
				INFOPLIST_FILE = SimpleNewsUITests/Info.plist;
				LD_RUNPATH_SEARCH_PATHS = (
					"$(inherited)",
					"@executable_path/Frameworks",
					"@loader_path/Frameworks",
				);
				PRODUCT_BUNDLE_IDENTIFIER = AlexHu.SimpleNewsUITests;
				PRODUCT_NAME = "$(TARGET_NAME)";
				SWIFT_VERSION = 5.0;
				TARGETED_DEVICE_FAMILY = "1,2";
				TEST_TARGET_NAME = SimpleNews;
			};
			name = Debug;
		};
		A20D942526F7889100EFE4D7 /* Release */ = {
			isa = XCBuildConfiguration;
			buildSettings = {
				ALWAYS_EMBED_SWIFT_STANDARD_LIBRARIES = YES;
				CODE_SIGN_STYLE = Automatic;
				DEVELOPMENT_TEAM = V5F69NZBZU;
				INFOPLIST_FILE = SimpleNewsUITests/Info.plist;
				LD_RUNPATH_SEARCH_PATHS = (
					"$(inherited)",
					"@executable_path/Frameworks",
					"@loader_path/Frameworks",
				);
				PRODUCT_BUNDLE_IDENTIFIER = AlexHu.SimpleNewsUITests;
				PRODUCT_NAME = "$(TARGET_NAME)";
				SWIFT_VERSION = 5.0;
				TARGETED_DEVICE_FAMILY = "1,2";
				TEST_TARGET_NAME = SimpleNews;
			};
			name = Release;
		};
/* End XCBuildConfiguration section */

/* Begin XCConfigurationList section */
		A20D93EE26F7888F00EFE4D7 /* Build configuration list for PBXProject "SimpleNews" */ = {
			isa = XCConfigurationList;
			buildConfigurations = (
				A20D941B26F7889100EFE4D7 /* Debug */,
				A20D941C26F7889100EFE4D7 /* Release */,
			);
			defaultConfigurationIsVisible = 0;
			defaultConfigurationName = Release;
		};
		A20D941D26F7889100EFE4D7 /* Build configuration list for PBXNativeTarget "SimpleNews" */ = {
			isa = XCConfigurationList;
			buildConfigurations = (
				A20D941E26F7889100EFE4D7 /* Debug */,
				A20D941F26F7889100EFE4D7 /* Release */,
			);
			defaultConfigurationIsVisible = 0;
			defaultConfigurationName = Release;
		};
		A20D942026F7889100EFE4D7 /* Build configuration list for PBXNativeTarget "SimpleNewsTests" */ = {
			isa = XCConfigurationList;
			buildConfigurations = (
				A20D942126F7889100EFE4D7 /* Debug */,
				A20D942226F7889100EFE4D7 /* Release */,
			);
			defaultConfigurationIsVisible = 0;
			defaultConfigurationName = Release;
		};
		A20D942326F7889100EFE4D7 /* Build configuration list for PBXNativeTarget "SimpleNewsUITests" */ = {
			isa = XCConfigurationList;
			buildConfigurations = (
				A20D942426F7889100EFE4D7 /* Debug */,
				A20D942526F7889100EFE4D7 /* Release */,
			);
			defaultConfigurationIsVisible = 0;
			defaultConfigurationName = Release;
		};
/* End XCConfigurationList section */
	};
	rootObject = A20D93EB26F7888F00EFE4D7 /* Project object */;
}
